
Microsoft Visual Studio Solution File, Format Version 12.00
# Visual Studio Version 17
VisualStudioVersion = 17.0.31903.59
MinimumVisualStudioVersion = 10.0.40219.1
Project("{2150E333-8FDC-42A3-9474-1A3956D46DE8}") = "src", "src", "{827E0CD3-B72D-47B6-A68D-7590B98EB39B}"
EndProject
Project("{2150E333-8FDC-42A3-9474-1A3956D46DE8}") = "tests", "tests", "{B6A4F289-20AA-4CC7-AB41-D0D5E5E9E3D1}"
EndProject
Project("{FAE04EC0-301F-11D3-BF4B-00C04F79EFBC}") = "Scriptorium.App", "src\Scriptorium.App\Scriptorium.App.csproj", "{2313E4C2-41DE-489D-86D2-E174C5ADC4A5}"
EndProject
Project("{FAE04EC0-301F-11D3-BF4B-00C04F79EFBC}") = "Scriptorium.Core", "src\Scriptorium.Core\Scriptorium.Core.csproj", "{6A8E090C-76A2-47A5-95B5-91E2961F427D}"
EndProject
Project("{FAE04EC0-301F-11D3-BF4B-00C04F79EFBC}") = "Scriptorium.Infrastructure", "src\Scriptorium.Infrastructure\Scriptorium.Infrastructure.csproj", "{B08F6F4B-6A14-4DC0-9F8C-AC4370CB8CBB}"
EndProject
Project("{FAE04EC0-301F-11D3-BF4B-00C04F79EFBC}") = "Scriptorium.Tests", "tests\Scriptorium.Tests\Scriptorium.Tests.csproj", "{582C00FB-515D-4E07-AD69-A4C2AB3427B3}"
EndProject
Global
	GlobalSection(SolutionConfigurationPlatforms) = preSolution
		Debug|Any CPU = Debug|Any CPU
		Release|Any CPU = Release|Any CPU
	EndGlobalSection
	GlobalSection(ProjectConfigurationPlatforms) = postSolution
		{2313E4C2-41DE-489D-86D2-E174C5ADC4A5}.Debug|Any CPU.ActiveCfg = Debug|Any CPU
		{2313E4C2-41DE-489D-86D2-E174C5ADC4A5}.Debug|Any CPU.Build.0 = Debug|Any CPU
		{2313E4C2-41DE-489D-86D2-E174C5ADC4A5}.Release|Any CPU.ActiveCfg = Release|Any CPU
		{2313E4C2-41DE-489D-86D2-E174C5ADC4A5}.Release|Any CPU.Build.0 = Release|Any CPU
		{6A8E090C-76A2-47A5-95B5-91E2961F427D}.Debug|Any CPU.ActiveCfg = Debug|Any CPU
		{6A8E090C-76A2-47A5-95B5-91E2961F427D}.Debug|Any CPU.Build.0 = Debug|Any CPU
		{6A8E090C-76A2-47A5-95B5-91E2961F427D}.Release|Any CPU.ActiveCfg = Release|Any CPU
		{6A8E090C-76A2-47A5-95B5-91E2961F427D}.Release|Any CPU.Build.0 = Release|Any CPU
		{B08F6F4B-6A14-4DC0-9F8C-AC4370CB8CBB}.Debug|Any CPU.ActiveCfg = Debug|Any CPU
		{B08F6F4B-6A14-4DC0-9F8C-AC4370CB8CBB}.Debug|Any CPU.Build.0 = Debug|Any CPU
		{B08F6F4B-6A14-4DC0-9F8C-AC4370CB8CBB}.Release|Any CPU.ActiveCfg = Release|Any CPU
		{B08F6F4B-6A14-4DC0-9F8C-AC4370CB8CBB}.Release|Any CPU.Build.0 = Release|Any CPU
		{582C00FB-515D-4E07-AD69-A4C2AB3427B3}.Debug|Any CPU.ActiveCfg = Debug|Any CPU
		{582C00FB-515D-4E07-AD69-A4C2AB3427B3}.Debug|Any CPU.Build.0 = Debug|Any CPU
		{582C00FB-515D-4E07-AD69-A4C2AB3427B3}.Release|Any CPU.ActiveCfg = Release|Any CPU
		{582C00FB-515D-4E07-AD69-A4C2AB3427B3}.Release|Any CPU.Build.0 = Release|Any CPU
	EndGlobalSection
	GlobalSection(SolutionProperties) = preSolution
		HideSolutionNode = FALSE
	EndGlobalSection
	GlobalSection(NestedProjects) = preSolution
		{2313E4C2-41DE-489D-86D2-E174C5ADC4A5} = {827E0CD3-B72D-47B6-A68D-7590B98EB39B}
		{6A8E090C-76A2-47A5-95B5-91E2961F427D} = {827E0CD3-B72D-47B6-A68D-7590B98EB39B}
		{B08F6F4B-6A14-4DC0-9F8C-AC4370CB8CBB} = {827E0CD3-B72D-47B6-A68D-7590B98EB39B}
		{582C00FB-515D-4E07-AD69-A4C2AB3427B3} = {B6A4F289-20AA-4CC7-AB41-D0D5E5E9E3D1}
	EndGlobalSection
EndGlobal
